
Microsoft Visual Studio Solution File, Format Version 12.00
# Visual Studio Version 16
VisualStudioVersion = 16.0.31321.278
MinimumVisualStudioVersion = 10.0.40219.1
Project("{9A19103F-16F7-4668-BE54-9A1E7A4F7556}") = "Hangman3", "Hangman3.csproj", "{719EC0F0-E92C-437F-AE43-E6CC6C034B5B}"
EndProject
Project("{FAE04EC0-301F-11D3-BF4B-00C04F79EFBC}") = "TestProject3", "..\TestProject3\TestProject3.csproj", "{B6147A8A-CE2D-4B84-8199-3797C2A1EE3D}"
EndProject
Global
	GlobalSection(SolutionConfigurationPlatforms) = preSolution
		Debug|Any CPU = Debug|Any CPU
		Release|Any CPU = Release|Any CPU
	EndGlobalSection
	GlobalSection(ProjectConfigurationPlatforms) = postSolution
		{719EC0F0-E92C-437F-AE43-E6CC6C034B5B}.Debug|Any CPU.ActiveCfg = Debug|Any CPU
		{719EC0F0-E92C-437F-AE43-E6CC6C034B5B}.Debug|Any CPU.Build.0 = Debug|Any CPU
		{719EC0F0-E92C-437F-AE43-E6CC6C034B5B}.Release|Any CPU.ActiveCfg = Release|Any CPU
		{719EC0F0-E92C-437F-AE43-E6CC6C034B5B}.Release|Any CPU.Build.0 = Release|Any CPU
		{B6147A8A-CE2D-4B84-8199-3797C2A1EE3D}.Debug|Any CPU.ActiveCfg = Debug|Any CPU
		{B6147A8A-CE2D-4B84-8199-3797C2A1EE3D}.Debug|Any CPU.Build.0 = Debug|Any CPU
		{B6147A8A-CE2D-4B84-8199-3797C2A1EE3D}.Release|Any CPU.ActiveCfg = Release|Any CPU
		{B6147A8A-CE2D-4B84-8199-3797C2A1EE3D}.Release|Any CPU.Build.0 = Release|Any CPU
	EndGlobalSection
	GlobalSection(SolutionProperties) = preSolution
		HideSolutionNode = FALSE
	EndGlobalSection
	GlobalSection(ExtensibilityGlobals) = postSolution
		SolutionGuid = {4A3CB7FE-1855-47DD-9A08-379AB01DD639}
	EndGlobalSection
EndGlobal
